
Microsoft Visual Studio Solution File, Format Version 12.00
# Visual Studio Version 17
VisualStudioVersion = 17.0.31903.59
MinimumVisualStudioVersion = 10.0.40219.1
Project("{FAE04EC0-301F-11D3-BF4B-00C04F79EFBC}") = "API", "API\API.csproj", "{FD011108-7FC5-444E-896B-FC052B96D9E1}"
EndProject
Project("{FAE04EC0-301F-11D3-BF4B-00C04F79EFBC}") = "Application", "Application\Application.csproj", "{72D2836C-CAD3-4CFA-8F80-0A0982EE882D}"
EndProject
Project("{FAE04EC0-301F-11D3-BF4B-00C04F79EFBC}") = "Domain", "Domain\Domain.csproj", "{C0F898E2-EC99-4A6A-AB21-0680DA91E65D}"
EndProject
Project("{FAE04EC0-301F-11D3-BF4B-00C04F79EFBC}") = "Persistence", "Persistence\Persistence.csproj", "{D7A46354-EB31-4DEF-81E2-59CBCBF3C13F}"
EndProject
Global
	GlobalSection(SolutionConfigurationPlatforms) = preSolution
		Debug|Any CPU = Debug|Any CPU
		Release|Any CPU = Release|Any CPU
	EndGlobalSection
	GlobalSection(SolutionProperties) = preSolution
		HideSolutionNode = FALSE
	EndGlobalSection
	GlobalSection(ProjectConfigurationPlatforms) = postSolution
		{FD011108-7FC5-444E-896B-FC052B96D9E1}.Debug|Any CPU.ActiveCfg = Debug|Any CPU
		{FD011108-7FC5-444E-896B-FC052B96D9E1}.Debug|Any CPU.Build.0 = Debug|Any CPU
		{FD011108-7FC5-444E-896B-FC052B96D9E1}.Release|Any CPU.ActiveCfg = Release|Any CPU
		{FD011108-7FC5-444E-896B-FC052B96D9E1}.Release|Any CPU.Build.0 = Release|Any CPU
		{72D2836C-CAD3-4CFA-8F80-0A0982EE882D}.Debug|Any CPU.ActiveCfg = Debug|Any CPU
		{72D2836C-CAD3-4CFA-8F80-0A0982EE882D}.Debug|Any CPU.Build.0 = Debug|Any CPU
		{72D2836C-CAD3-4CFA-8F80-0A0982EE882D}.Release|Any CPU.ActiveCfg = Release|Any CPU
		{72D2836C-CAD3-4CFA-8F80-0A0982EE882D}.Release|Any CPU.Build.0 = Release|Any CPU
		{C0F898E2-EC99-4A6A-AB21-0680DA91E65D}.Debug|Any CPU.ActiveCfg = Debug|Any CPU
		{C0F898E2-EC99-4A6A-AB21-0680DA91E65D}.Debug|Any CPU.Build.0 = Debug|Any CPU
		{C0F898E2-EC99-4A6A-AB21-0680DA91E65D}.Release|Any CPU.ActiveCfg = Release|Any CPU
		{C0F898E2-EC99-4A6A-AB21-0680DA91E65D}.Release|Any CPU.Build.0 = Release|Any CPU
		{D7A46354-EB31-4DEF-81E2-59CBCBF3C13F}.Debug|Any CPU.ActiveCfg = Debug|Any CPU
		{D7A46354-EB31-4DEF-81E2-59CBCBF3C13F}.Debug|Any CPU.Build.0 = Debug|Any CPU
		{D7A46354-EB31-4DEF-81E2-59CBCBF3C13F}.Release|Any CPU.ActiveCfg = Release|Any CPU
		{D7A46354-EB31-4DEF-81E2-59CBCBF3C13F}.Release|Any CPU.Build.0 = Release|Any CPU
	EndGlobalSection
EndGlobal
